
Microsoft Visual Studio Solution File, Format Version 12.00
# Visual Studio 15
VisualStudioVersion = 15.0.27130.2027
MinimumVisualStudioVersion = 10.0.40219.1
Project("{FAE04EC0-301F-11D3-BF4B-00C04F79EFBC}") = "ICAN.SIC.Plugin.ChatInterfaceWeb", "ICAN.SIC.Plugin.ChatInterfaceWeb\ICAN.SIC.Plugin.ChatInterfaceWeb.csproj", "{2F08D68C-17E4-4A29-905D-C7EDA01204FA}"
EndProject
Project("{FAE04EC0-301F-11D3-BF4B-00C04F79EFBC}") = "ICAN.SIC.Plugin.ChatInterfaceWeb.Host", "ICAN.SIC.Plugin.ChatInterfaceWeb.Host\ICAN.SIC.Plugin.ChatInterfaceWeb.Host.csproj", "{FDC392F6-3DAE-4D66-8979-ABF08D49304D}"
EndProject
Global
	GlobalSection(SolutionConfigurationPlatforms) = preSolution
		Debug|Any CPU = Debug|Any CPU
		Release|Any CPU = Release|Any CPU
	EndGlobalSection
	GlobalSection(ProjectConfigurationPlatforms) = postSolution
		{2F08D68C-17E4-4A29-905D-C7EDA01204FA}.Debug|Any CPU.ActiveCfg = Debug|Any CPU
		{2F08D68C-17E4-4A29-905D-C7EDA01204FA}.Debug|Any CPU.Build.0 = Debug|Any CPU
		{2F08D68C-17E4-4A29-905D-C7EDA01204FA}.Release|Any CPU.ActiveCfg = Release|Any CPU
		{2F08D68C-17E4-4A29-905D-C7EDA01204FA}.Release|Any CPU.Build.0 = Release|Any CPU
		{FDC392F6-3DAE-4D66-8979-ABF08D49304D}.Debug|Any CPU.ActiveCfg = Debug|Any CPU
		{FDC392F6-3DAE-4D66-8979-ABF08D49304D}.Debug|Any CPU.Build.0 = Debug|Any CPU
		{FDC392F6-3DAE-4D66-8979-ABF08D49304D}.Release|Any CPU.ActiveCfg = Release|Any CPU
		{FDC392F6-3DAE-4D66-8979-ABF08D49304D}.Release|Any CPU.Build.0 = Release|Any CPU
	EndGlobalSection
	GlobalSection(SolutionProperties) = preSolution
		HideSolutionNode = FALSE
	EndGlobalSection
	GlobalSection(ExtensibilityGlobals) = postSolution
		SolutionGuid = {A34703FC-0620-4B60-95F8-56AD952C3C2D}
	EndGlobalSection
EndGlobal
